// !$*UTF8*$!
{
	archiveVersion = 1;
	classes = {
	};
	objectVersion = 56;
	objects = {

/* Begin PBXBuildFile section */
		370562B02AA036C600F5CD97 /* HorizontalFlip.swift in Sources */ = {isa = PBXBuildFile; fileRef = 69EF5A7029F0D6CA0065D5D2 /* HorizontalFlip.swift */; };
		370562B12AA036C600F5CD97 /* Design.swift in Sources */ = {isa = PBXBuildFile; fileRef = 37B7693F29F8693C0003F2A6 /* Design.swift */; };
		370562B22AA036C600F5CD97 /* UTType+FlashCards.swift in Sources */ = {isa = PBXBuildFile; fileRef = 69EF5A7129F0D6CA0065D5D2 /* UTType+FlashCards.swift */; };
		370562B32AA036C600F5CD97 /* PreviewSampleData.swift in Sources */ = {isa = PBXBuildFile; fileRef = 69D24DCA2A0C44FF00FDDEC5 /* PreviewSampleData.swift */; };
		370562B42AA036C600F5CD97 /* Assets.xcassets in Resources */ = {isa = PBXBuildFile; fileRef = 371BAA6129EFAB1A00011A7C /* Assets.xcassets */; };
		370562B52AA036CB00F5CD97 /* ContentView.swift in Sources */ = {isa = PBXBuildFile; fileRef = 371BAA5F29EFAB1900011A7C /* ContentView.swift */; };
		370562B62AA036CB00F5CD97 /* CardCarousel.swift in Sources */ = {isa = PBXBuildFile; fileRef = 371A918229F8379F007D9017 /* CardCarousel.swift */; };
		370562B72AA036CB00F5CD97 /* CardEditorView.swift in Sources */ = {isa = PBXBuildFile; fileRef = 371A918029F8379F007D9017 /* CardEditorView.swift */; };
		370562B82AA036CB00F5CD97 /* CardReaderView.swift in Sources */ = {isa = PBXBuildFile; fileRef = 371A918329F8379F007D9017 /* CardReaderView.swift */; };
		370562B92AA036CB00F5CD97 /* EditorToolbar.swift in Sources */ = {isa = PBXBuildFile; fileRef = 370EE67F2A04839D0080F27D /* EditorToolbar.swift */; };
		370562BA2AA036CB00F5CD97 /* CardGallery.swift in Sources */ = {isa = PBXBuildFile; fileRef = 371A917F29F8379F007D9017 /* CardGallery.swift */; };
		370562BB2AA036CB00F5CD97 /* CardContainerView.swift in Sources */ = {isa = PBXBuildFile; fileRef = 371A918129F8379F007D9017 /* CardContainerView.swift */; };
		370562BC2AA036CB00F5CD97 /* CardGalleryItem.swift in Sources */ = {isa = PBXBuildFile; fileRef = 375EE68929F8933E003BFD16 /* CardGalleryItem.swift */; };
		370562BD2AA036CB00F5CD97 /* FlashCardView.swift in Sources */ = {isa = PBXBuildFile; fileRef = 69EF5A6A29F0D69F0065D5D2 /* FlashCardView.swift */; };
		370562BE2AA036D000F5CD97 /* SampleDeck.swift in Sources */ = {isa = PBXBuildFile; fileRef = 69EF5A6829F0D65E0065D5D2 /* SampleDeck.swift */; };
		370562BF2AA036D000F5CD97 /* Card.swift in Sources */ = {isa = PBXBuildFile; fileRef = 371BAA7629EFB2DB00011A7C /* Card.swift */; };
		370562C02AA036D200F5CD97 /* SwiftDataFlashCardSample.swift in Sources */ = {isa = PBXBuildFile; fileRef = 371BAA5D29EFAB1900011A7C /* SwiftDataFlashCardSample.swift */; };
		370EE6802A04839D0080F27D /* EditorToolbar.swift in Sources */ = {isa = PBXBuildFile; fileRef = 370EE67F2A04839D0080F27D /* EditorToolbar.swift */; };
		371A918429F8379F007D9017 /* CardGallery.swift in Sources */ = {isa = PBXBuildFile; fileRef = 371A917F29F8379F007D9017 /* CardGallery.swift */; };
		371A918529F8379F007D9017 /* CardEditorView.swift in Sources */ = {isa = PBXBuildFile; fileRef = 371A918029F8379F007D9017 /* CardEditorView.swift */; };
		371A918629F8379F007D9017 /* CardContainerView.swift in Sources */ = {isa = PBXBuildFile; fileRef = 371A918129F8379F007D9017 /* CardContainerView.swift */; };
		371A918729F8379F007D9017 /* CardCarousel.swift in Sources */ = {isa = PBXBuildFile; fileRef = 371A918229F8379F007D9017 /* CardCarousel.swift */; };
		371A918829F8379F007D9017 /* CardReaderView.swift in Sources */ = {isa = PBXBuildFile; fileRef = 371A918329F8379F007D9017 /* CardReaderView.swift */; };
		371BAA5E29EFAB1900011A7C /* SwiftDataFlashCardSample.swift in Sources */ = {isa = PBXBuildFile; fileRef = 371BAA5D29EFAB1900011A7C /* SwiftDataFlashCardSample.swift */; };
		371BAA6029EFAB1900011A7C /* ContentView.swift in Sources */ = {isa = PBXBuildFile; fileRef = 371BAA5F29EFAB1900011A7C /* ContentView.swift */; };
		371BAA6229EFAB1A00011A7C /* Assets.xcassets in Resources */ = {isa = PBXBuildFile; fileRef = 371BAA6129EFAB1A00011A7C /* Assets.xcassets */; };
		371BAA7729EFB2DB00011A7C /* Card.swift in Sources */ = {isa = PBXBuildFile; fileRef = 371BAA7629EFB2DB00011A7C /* Card.swift */; };
		375EE68A29F8933E003BFD16 /* CardGalleryItem.swift in Sources */ = {isa = PBXBuildFile; fileRef = 375EE68929F8933E003BFD16 /* CardGalleryItem.swift */; };
		37B7694029F8693C0003F2A6 /* Design.swift in Sources */ = {isa = PBXBuildFile; fileRef = 37B7693F29F8693C0003F2A6 /* Design.swift */; };
		69D24DCB2A0C44FF00FDDEC5 /* PreviewSampleData.swift in Sources */ = {isa = PBXBuildFile; fileRef = 69D24DCA2A0C44FF00FDDEC5 /* PreviewSampleData.swift */; };
		69EF5A6929F0D65E0065D5D2 /* SampleDeck.swift in Sources */ = {isa = PBXBuildFile; fileRef = 69EF5A6829F0D65E0065D5D2 /* SampleDeck.swift */; };
		69EF5A6D29F0D69F0065D5D2 /* FlashCardView.swift in Sources */ = {isa = PBXBuildFile; fileRef = 69EF5A6A29F0D69F0065D5D2 /* FlashCardView.swift */; };
		69EF5A7229F0D6CA0065D5D2 /* HorizontalFlip.swift in Sources */ = {isa = PBXBuildFile; fileRef = 69EF5A7029F0D6CA0065D5D2 /* HorizontalFlip.swift */; };
		69EF5A7329F0D6CA0065D5D2 /* UTType+FlashCards.swift in Sources */ = {isa = PBXBuildFile; fileRef = 69EF5A7129F0D6CA0065D5D2 /* UTType+FlashCards.swift */; };
/* End PBXBuildFile section */

/* Begin PBXContainerItemProxy section */
		3705629D2AA0368900F5CD97 /* PBXContainerItemProxy */ = {
			isa = PBXContainerItemProxy;
			containerPortal = 371BAA5229EFAB1900011A7C /* Project object */;
			proxyType = 1;
			remoteGlobalIDString = 3705629A2AA0368900F5CD97;
			remoteInfo = SwiftDataFlashCardSampleWatch;
		};
/* End PBXContainerItemProxy section */

/* Begin PBXCopyFilesBuildPhase section */
		370562AC2AA0368A00F5CD97 /* Embed Watch Content */ = {
			isa = PBXCopyFilesBuildPhase;
			buildActionMask = 2147483647;
			dstPath = "$(CONTENTS_FOLDER_PATH)/Watch";
			dstSubfolderSpec = 16;
			files = (
			);
			name = "Embed Watch Content";
			runOnlyForDeploymentPostprocessing = 0;
		};
/* End PBXCopyFilesBuildPhase section */

/* Begin PBXFileReference section */
		05EB0E8B05EE4F38F8CDA5DB /* README.md */ = {isa = PBXFileReference; lastKnownFileType = net.daringfireball.markdown; name = README.md; path = ../README.md; sourceTree = "<group>"; };
		370EE67F2A04839D0080F27D /* EditorToolbar.swift */ = {isa = PBXFileReference; fileEncoding = 4; lastKnownFileType = sourcecode.swift; path = EditorToolbar.swift; sourceTree = "<group>"; };
		371A917F29F8379F007D9017 /* CardGallery.swift */ = {isa = PBXFileReference; fileEncoding = 4; lastKnownFileType = sourcecode.swift; path = CardGallery.swift; sourceTree = "<group>"; };
		371A918029F8379F007D9017 /* CardEditorView.swift */ = {isa = PBXFileReference; fileEncoding = 4; lastKnownFileType = sourcecode.swift; path = CardEditorView.swift; sourceTree = "<group>"; };
		371A918129F8379F007D9017 /* CardContainerView.swift */ = {isa = PBXFileReference; fileEncoding = 4; lastKnownFileType = sourcecode.swift; path = CardContainerView.swift; sourceTree = "<group>"; };
		371A918229F8379F007D9017 /* CardCarousel.swift */ = {isa = PBXFileReference; fileEncoding = 4; lastKnownFileType = sourcecode.swift; path = CardCarousel.swift; sourceTree = "<group>"; };
		371A918329F8379F007D9017 /* CardReaderView.swift */ = {isa = PBXFileReference; fileEncoding = 4; lastKnownFileType = sourcecode.swift; path = CardReaderView.swift; sourceTree = "<group>"; };
		371BAA5D29EFAB1900011A7C /* SwiftDataFlashCardSample.swift */ = {isa = PBXFileReference; lastKnownFileType = sourcecode.swift; path = SwiftDataFlashCardSample.swift; sourceTree = "<group>"; };
		371BAA5F29EFAB1900011A7C /* ContentView.swift */ = {isa = PBXFileReference; lastKnownFileType = sourcecode.swift; path = ContentView.swift; sourceTree = "<group>"; };
		371BAA6129EFAB1A00011A7C /* Assets.xcassets */ = {isa = PBXFileReference; lastKnownFileType = folder.assetcatalog; path = Assets.xcassets; sourceTree = "<group>"; };
		371BAA6329EFAB1A00011A7C /* FlashCard.entitlements */ = {isa = PBXFileReference; lastKnownFileType = text.plist.entitlements; path = FlashCard.entitlements; sourceTree = "<group>"; };
		371BAA7629EFB2DB00011A7C /* Card.swift */ = {isa = PBXFileReference; fileEncoding = 4; lastKnownFileType = sourcecode.swift; path = Card.swift; sourceTree = "<group>"; };
		374F9D9C2AB24CF100AD8B49 /* SwiftDataFlashCardSample.app */ = {isa = PBXFileReference; explicitFileType = wrapper.application; includeInIndex = 0; path = SwiftDataFlashCardSample.app; sourceTree = BUILT_PRODUCTS_DIR; };
		374F9D9D2AB24CF100AD8B49 /* SwiftDataFlashCardSampleWatchHost.app */ = {isa = PBXFileReference; explicitFileType = wrapper.application; includeInIndex = 0; path = SwiftDataFlashCardSampleWatchHost.app; sourceTree = BUILT_PRODUCTS_DIR; };
		374F9D9E2AB24CF100AD8B49 /* SwiftDataFlashCardSampleWatch.app */ = {isa = PBXFileReference; explicitFileType = wrapper.application; includeInIndex = 0; path = SwiftDataFlashCardSampleWatch.app; sourceTree = BUILT_PRODUCTS_DIR; };
		375EE68929F8933E003BFD16 /* CardGalleryItem.swift */ = {isa = PBXFileReference; fileEncoding = 4; lastKnownFileType = sourcecode.swift; path = CardGalleryItem.swift; sourceTree = "<group>"; };
		37B7693F29F8693C0003F2A6 /* Design.swift */ = {isa = PBXFileReference; lastKnownFileType = sourcecode.swift; path = Design.swift; sourceTree = "<group>"; };
		42DF4E4F0B5CF2D4172DCE3B /* LICENSE.txt */ = {isa = PBXFileReference; includeInIndex = 1; path = LICENSE.txt; sourceTree = "<group>"; };
		6927757A29F8797A004E4AE8 /* Info.plist */ = {isa = PBXFileReference; lastKnownFileType = text.plist; path = Info.plist; sourceTree = "<group>"; };
		69D24DCA2A0C44FF00FDDEC5 /* PreviewSampleData.swift */ = {isa = PBXFileReference; fileEncoding = 4; lastKnownFileType = sourcecode.swift; path = PreviewSampleData.swift; sourceTree = "<group>"; };
		69EF5A6829F0D65E0065D5D2 /* SampleDeck.swift */ = {isa = PBXFileReference; fileEncoding = 4; lastKnownFileType = sourcecode.swift; path = SampleDeck.swift; sourceTree = "<group>"; };
		69EF5A6A29F0D69F0065D5D2 /* FlashCardView.swift */ = {isa = PBXFileReference; fileEncoding = 4; lastKnownFileType = sourcecode.swift; path = FlashCardView.swift; sourceTree = "<group>"; };
		69EF5A7029F0D6CA0065D5D2 /* HorizontalFlip.swift */ = {isa = PBXFileReference; fileEncoding = 4; lastKnownFileType = sourcecode.swift; path = HorizontalFlip.swift; sourceTree = "<group>"; };
		69EF5A7129F0D6CA0065D5D2 /* UTType+FlashCards.swift */ = {isa = PBXFileReference; fileEncoding = 4; lastKnownFileType = sourcecode.swift; path = "UTType+FlashCards.swift"; sourceTree = "<group>"; };
		DB3F893975C9C2026B584932 /* SampleCode.xcconfig */ = {isa = PBXFileReference; name = SampleCode.xcconfig; path = ../Configuration/SampleCode.xcconfig; sourceTree = "<group>"; };
/* End PBXFileReference section */

/* Begin PBXFrameworksBuildPhase section */
		370562982AA0368900F5CD97 /* Frameworks */ = {
			isa = PBXFrameworksBuildPhase;
			buildActionMask = 2147483647;
			files = (
			);
			runOnlyForDeploymentPostprocessing = 0;
		};
		371BAA5729EFAB1900011A7C /* Frameworks */ = {
			isa = PBXFrameworksBuildPhase;
			buildActionMask = 2147483647;
			files = (
			);
			runOnlyForDeploymentPostprocessing = 0;
		};
/* End PBXFrameworksBuildPhase section */

/* Begin PBXGroup section */
		371BAA5129EFAB1900011A7C = {
			isa = PBXGroup;
			children = (
				05EB0E8B05EE4F38F8CDA5DB /* README.md */,
				371BAA5C29EFAB1900011A7C /* FlashCard */,
				371BAA5B29EFAB1900011A7C /* Products */,
				FB33B98791FF17376C4A67A2 /* Configuration */,
				54B5C082D5284B5D46A233A3 /* LICENSE */,
			);
			sourceTree = "<group>";
		};
		371BAA5B29EFAB1900011A7C /* Products */ = {
			isa = PBXGroup;
			children = (
				374F9D9C2AB24CF100AD8B49 /* SwiftDataFlashCardSample.app */,
				374F9D9D2AB24CF100AD8B49 /* SwiftDataFlashCardSampleWatchHost.app */,
				374F9D9E2AB24CF100AD8B49 /* SwiftDataFlashCardSampleWatch.app */,
			);
			name = Products;
			sourceTree = "<group>";
		};
		371BAA5C29EFAB1900011A7C /* FlashCard */ = {
			isa = PBXGroup;
			children = (
				6927757A29F8797A004E4AE8 /* Info.plist */,
				371BAA5D29EFAB1900011A7C /* SwiftDataFlashCardSample.swift */,
				69EF5A6229F0D5030065D5D2 /* Model */,
				69EF5A6329F0D50C0065D5D2 /* Views */,
				69EF5A6529F0D5220065D5D2 /* Support */,
				371BAA6129EFAB1A00011A7C /* Assets.xcassets */,
				371BAA6329EFAB1A00011A7C /* FlashCard.entitlements */,
			);
			path = FlashCard;
			sourceTree = "<group>";
		};
		54B5C082D5284B5D46A233A3 /* LICENSE */ = {
			isa = PBXGroup;
			children = (
				42DF4E4F0B5CF2D4172DCE3B /* LICENSE.txt */,
			);
			name = LICENSE;
			path = ../LICENSE;
			sourceTree = "<group>";
		};
		69EF5A6229F0D5030065D5D2 /* Model */ = {
			isa = PBXGroup;
			children = (
				371BAA7629EFB2DB00011A7C /* Card.swift */,
				69EF5A6829F0D65E0065D5D2 /* SampleDeck.swift */,
			);
			path = Model;
			sourceTree = "<group>";
		};
		69EF5A6329F0D50C0065D5D2 /* Views */ = {
			isa = PBXGroup;
			children = (
				371BAA5F29EFAB1900011A7C /* ContentView.swift */,
				69EF5A6A29F0D69F0065D5D2 /* FlashCardView.swift */,
				371A918229F8379F007D9017 /* CardCarousel.swift */,
				371A918129F8379F007D9017 /* CardContainerView.swift */,
				371A918029F8379F007D9017 /* CardEditorView.swift */,
				375EE68929F8933E003BFD16 /* CardGalleryItem.swift */,
				371A917F29F8379F007D9017 /* CardGallery.swift */,
				371A918329F8379F007D9017 /* CardReaderView.swift */,
				370EE67F2A04839D0080F27D /* EditorToolbar.swift */,
			);
			path = Views;
			sourceTree = "<group>";
		};
		69EF5A6529F0D5220065D5D2 /* Support */ = {
			isa = PBXGroup;
			children = (
				69EF5A7029F0D6CA0065D5D2 /* HorizontalFlip.swift */,
				69EF5A7129F0D6CA0065D5D2 /* UTType+FlashCards.swift */,
				37B7693F29F8693C0003F2A6 /* Design.swift */,
				69D24DCA2A0C44FF00FDDEC5 /* PreviewSampleData.swift */,
			);
			path = Support;
			sourceTree = "<group>";
		};
		FB33B98791FF17376C4A67A2 /* Configuration */ = {
			isa = PBXGroup;
			children = (
				DB3F893975C9C2026B584932 /* SampleCode.xcconfig */,
			);
			name = Configuration;
			sourceTree = "<group>";
		};
/* End PBXGroup section */

/* Begin PBXNativeTarget section */
		370562952AA0368800F5CD97 /* SwiftDataFlashCardSampleWatchHost */ = {
			isa = PBXNativeTarget;
			buildConfigurationList = 370562AD2AA0368A00F5CD97 /* Build configuration list for PBXNativeTarget "SwiftDataFlashCardSampleWatchHost" */;
			buildPhases = (
				370562942AA0368800F5CD97 /* Resources */,
				370562AC2AA0368A00F5CD97 /* Embed Watch Content */,
			);
			buildRules = (
			);
			dependencies = (
				3705629E2AA0368900F5CD97 /* PBXTargetDependency */,
			);
			name = SwiftDataFlashCardSampleWatchHost;
			productName = SwiftDataFlashCardSampleWatch;
			productReference = 374F9D9D2AB24CF100AD8B49 /* SwiftDataFlashCardSampleWatchHost.app */;
			productType = "com.apple.product-type.application.watchapp2-container";
		};
		3705629A2AA0368900F5CD97 /* SwiftDataFlashCardSampleWatch */ = {
			isa = PBXNativeTarget;
			buildConfigurationList = 370562A92AA0368A00F5CD97 /* Build configuration list for PBXNativeTarget "SwiftDataFlashCardSampleWatch" */;
			buildPhases = (
				370562972AA0368900F5CD97 /* Sources */,
				370562982AA0368900F5CD97 /* Frameworks */,
				370562992AA0368900F5CD97 /* Resources */,
			);
			buildRules = (
			);
			dependencies = (
			);
			name = SwiftDataFlashCardSampleWatch;
			productName = SwiftDataFlashCardSampleWatch;
			productReference = 374F9D9E2AB24CF100AD8B49 /* SwiftDataFlashCardSampleWatch.app */;
			productType = "com.apple.product-type.application";
		};
		371BAA5929EFAB1900011A7C /* SwiftDataFlashCardSample */ = {
			isa = PBXNativeTarget;
			buildConfigurationList = 371BAA6929EFAB1A00011A7C /* Build configuration list for PBXNativeTarget "SwiftDataFlashCardSample" */;
			buildPhases = (
				371BAA5629EFAB1900011A7C /* Sources */,
				371BAA5729EFAB1900011A7C /* Frameworks */,
				371BAA5829EFAB1900011A7C /* Resources */,
			);
			buildRules = (
			);
			dependencies = (
			);
			name = SwiftDataFlashCardSample;
			productName = FlashCard;
			productReference = 374F9D9C2AB24CF100AD8B49 /* SwiftDataFlashCardSample.app */;
			productType = "com.apple.product-type.application";
		};
/* End PBXNativeTarget section */

/* Begin PBXProject section */
		371BAA5229EFAB1900011A7C /* Project object */ = {
			isa = PBXProject;
			attributes = {
				BuildIndependentTargetsInParallel = 1;
				DefaultBuildSystemTypeForWorkspace = Latest;
				LastSwiftUpdateCheck = 1500;
				LastUpgradeCheck = 1500;
				ORGANIZATIONNAME = Apple;
				TargetAttributes = {
					370562952AA0368800F5CD97 = {
						CreatedOnToolsVersion = 15.0;
					};
					3705629A2AA0368900F5CD97 = {
						CreatedOnToolsVersion = 15.0;
					};
					371BAA5929EFAB1900011A7C = {
						CreatedOnToolsVersion = 15.0;
					};
				};
			};
			buildConfigurationList = 371BAA5529EFAB1900011A7C /* Build configuration list for PBXProject "SwiftDataFlashCardSample" */;
			compatibilityVersion = "Xcode 14.0";
			developmentRegion = en;
			hasScannedForEncodings = 0;
			knownRegions = (
				en,
				Base,
			);
			mainGroup = 371BAA5129EFAB1900011A7C;
			productRefGroup = 371BAA5B29EFAB1900011A7C /* Products */;
			projectDirPath = "";
			projectRoot = "";
			targets = (
				371BAA5929EFAB1900011A7C /* SwiftDataFlashCardSample */,
				370562952AA0368800F5CD97 /* SwiftDataFlashCardSampleWatchHost */,
				3705629A2AA0368900F5CD97 /* SwiftDataFlashCardSampleWatch */,
			);
		};
/* End PBXProject section */

/* Begin PBXResourcesBuildPhase section */
		370562942AA0368800F5CD97 /* Resources */ = {
			isa = PBXResourcesBuildPhase;
			buildActionMask = 2147483647;
			files = (
			);
			runOnlyForDeploymentPostprocessing = 0;
		};
		370562992AA0368900F5CD97 /* Resources */ = {
			isa = PBXResourcesBuildPhase;
			buildActionMask = 2147483647;
			files = (
				370562B42AA036C600F5CD97 /* Assets.xcassets in Resources */,
			);
			runOnlyForDeploymentPostprocessing = 0;
		};
		371BAA5829EFAB1900011A7C /* Resources */ = {
			isa = PBXResourcesBuildPhase;
			buildActionMask = 2147483647;
			files = (
				371BAA6229EFAB1A00011A7C /* Assets.xcassets in Resources */,
			);
			runOnlyForDeploymentPostprocessing = 0;
		};
/* End PBXResourcesBuildPhase section */

/* Begin PBXSourcesBuildPhase section */
		370562972AA0368900F5CD97 /* Sources */ = {
			isa = PBXSourcesBuildPhase;
			buildActionMask = 2147483647;
			files = (
				370562B32AA036C600F5CD97 /* PreviewSampleData.swift in Sources */,
				370562B52AA036CB00F5CD97 /* ContentView.swift in Sources */,
				370562BA2AA036CB00F5CD97 /* CardGallery.swift in Sources */,
				370562B02AA036C600F5CD97 /* HorizontalFlip.swift in Sources */,
				370562BE2AA036D000F5CD97 /* SampleDeck.swift in Sources */,
				370562B22AA036C600F5CD97 /* UTType+FlashCards.swift in Sources */,
				370562B12AA036C600F5CD97 /* Design.swift in Sources */,
				370562BF2AA036D000F5CD97 /* Card.swift in Sources */,
				370562B62AA036CB00F5CD97 /* CardCarousel.swift in Sources */,
				370562B92AA036CB00F5CD97 /* EditorToolbar.swift in Sources */,
				370562C02AA036D200F5CD97 /* SwiftDataFlashCardSample.swift in Sources */,
				370562B72AA036CB00F5CD97 /* CardEditorView.swift in Sources */,
				370562BC2AA036CB00F5CD97 /* CardGalleryItem.swift in Sources */,
				370562BD2AA036CB00F5CD97 /* FlashCardView.swift in Sources */,
				370562B82AA036CB00F5CD97 /* CardReaderView.swift in Sources */,
				370562BB2AA036CB00F5CD97 /* CardContainerView.swift in Sources */,
			);
			runOnlyForDeploymentPostprocessing = 0;
		};
		371BAA5629EFAB1900011A7C /* Sources */ = {
			isa = PBXSourcesBuildPhase;
			buildActionMask = 2147483647;
			files = (
				69D24DCB2A0C44FF00FDDEC5 /* PreviewSampleData.swift in Sources */,
				371BAA6029EFAB1900011A7C /* ContentView.swift in Sources */,
				371A918429F8379F007D9017 /* CardGallery.swift in Sources */,
				371A918729F8379F007D9017 /* CardCarousel.swift in Sources */,
				371A918629F8379F007D9017 /* CardContainerView.swift in Sources */,
				371A918529F8379F007D9017 /* CardEditorView.swift in Sources */,
				69EF5A6D29F0D69F0065D5D2 /* FlashCardView.swift in Sources */,
				371BAA5E29EFAB1900011A7C /* SwiftDataFlashCardSample.swift in Sources */,
				69EF5A6929F0D65E0065D5D2 /* SampleDeck.swift in Sources */,
				375EE68A29F8933E003BFD16 /* CardGalleryItem.swift in Sources */,
				69EF5A7329F0D6CA0065D5D2 /* UTType+FlashCards.swift in Sources */,
				69EF5A7229F0D6CA0065D5D2 /* HorizontalFlip.swift in Sources */,
				37B7694029F8693C0003F2A6 /* Design.swift in Sources */,
				371BAA7729EFB2DB00011A7C /* Card.swift in Sources */,
				370EE6802A04839D0080F27D /* EditorToolbar.swift in Sources */,
				371A918829F8379F007D9017 /* CardReaderView.swift in Sources */,
			);
			runOnlyForDeploymentPostprocessing = 0;
		};
/* End PBXSourcesBuildPhase section */

/* Begin PBXTargetDependency section */
		3705629E2AA0368900F5CD97 /* PBXTargetDependency */ = {
			isa = PBXTargetDependency;
			target = 3705629A2AA0368900F5CD97 /* SwiftDataFlashCardSampleWatch */;
			targetProxy = 3705629D2AA0368900F5CD97 /* PBXContainerItemProxy */;
		};
/* End PBXTargetDependency section */

/* Begin XCBuildConfiguration section */
		370562AA2AA0368A00F5CD97 /* Debug */ = {
			isa = XCBuildConfiguration;
			baseConfigurationReference = DB3F893975C9C2026B584932 /* SampleCode.xcconfig */;
			buildSettings = {
				ASSETCATALOG_COMPILER_APPICON_NAME = AppIcon;
				ASSETCATALOG_COMPILER_GLOBAL_ACCENT_COLOR_NAME = AccentColor;
				CODE_SIGN_STYLE = Automatic;
				CURRENT_PROJECT_VERSION = 1;
				DEVELOPMENT_ASSET_PATHS = "";
				DEVELOPMENT_TEAM = "";
				ENABLE_PREVIEWS = YES;
				GENERATE_INFOPLIST_FILE = YES;
				INFOPLIST_KEY_CFBundleDisplayName = SwiftDataFlashCardSampleWatch;
				INFOPLIST_KEY_UISupportedInterfaceOrientations = "UIInterfaceOrientationPortrait UIInterfaceOrientationPortraitUpsideDown";
				INFOPLIST_KEY_WKWatchOnly = YES;
				LD_RUNPATH_SEARCH_PATHS = (
					"$(inherited)",
					"@executable_path/Frameworks",
				);
				MARKETING_VERSION = 1.0;
				PRODUCT_BUNDLE_IDENTIFIER = "com.example.apple-samplecode.FlashCard${SAMPLE_CODE_DISAMBIGUATOR}.WatchHost.watchkitapp";
				PRODUCT_NAME = "$(TARGET_NAME)";
				PROVISIONING_PROFILE_SPECIFIER = "";
				SDKROOT = watchos;
				SKIP_INSTALL = YES;
				SWIFT_EMIT_LOC_STRINGS = YES;
				SWIFT_VERSION = 5.0;
				TARGETED_DEVICE_FAMILY = 4;
				WATCHOS_DEPLOYMENT_TARGET = 10.0;
			};
			name = Debug;
		};
		370562AB2AA0368A00F5CD97 /* Release */ = {
			isa = XCBuildConfiguration;
			baseConfigurationReference = DB3F893975C9C2026B584932 /* SampleCode.xcconfig */;
			buildSettings = {
				ASSETCATALOG_COMPILER_APPICON_NAME = AppIcon;
				ASSETCATALOG_COMPILER_GLOBAL_ACCENT_COLOR_NAME = AccentColor;
				CODE_SIGN_STYLE = Automatic;
				CURRENT_PROJECT_VERSION = 1;
				DEVELOPMENT_ASSET_PATHS = "";
				DEVELOPMENT_TEAM = "";
				ENABLE_PREVIEWS = YES;
				GENERATE_INFOPLIST_FILE = YES;
				INFOPLIST_KEY_CFBundleDisplayName = SwiftDataFlashCardSampleWatch;
				INFOPLIST_KEY_UISupportedInterfaceOrientations = "UIInterfaceOrientationPortrait UIInterfaceOrientationPortraitUpsideDown";
				INFOPLIST_KEY_WKWatchOnly = YES;
				LD_RUNPATH_SEARCH_PATHS = (
					"$(inherited)",
					"@executable_path/Frameworks",
				);
				MARKETING_VERSION = 1.0;
				PRODUCT_BUNDLE_IDENTIFIER = "com.example.apple-samplecode.FlashCard${SAMPLE_CODE_DISAMBIGUATOR}.WatchHost.watchkitapp";
				PRODUCT_NAME = "$(TARGET_NAME)";
				PROVISIONING_PROFILE_SPECIFIER = "";
				SDKROOT = watchos;
				SKIP_INSTALL = YES;
				SWIFT_EMIT_LOC_STRINGS = YES;
				SWIFT_VERSION = 5.0;
				TARGETED_DEVICE_FAMILY = 4;
				VALIDATE_PRODUCT = YES;
				WATCHOS_DEPLOYMENT_TARGET = 10.0;
			};
			name = Release;
		};
		370562AE2AA0368A00F5CD97 /* Debug */ = {
			isa = XCBuildConfiguration;
			baseConfigurationReference = DB3F893975C9C2026B584932 /* SampleCode.xcconfig */;
			buildSettings = {
				ALWAYS_EMBED_SWIFT_STANDARD_LIBRARIES = YES;
				ASSETCATALOG_COMPILER_GENERATE_SWIFT_ASSET_SYMBOL_EXTENSIONS = YES;
				CODE_SIGN_STYLE = Automatic;
				CURRENT_PROJECT_VERSION = 1;
				DEVELOPMENT_TEAM = "";
				INFOPLIST_KEY_CFBundleDisplayName = SwiftDataFlashCardSampleWatchHost;
				MARKETING_VERSION = 1.0;
				PRODUCT_BUNDLE_IDENTIFIER = "com.example.apple-samplecode.FlashCard${SAMPLE_CODE_DISAMBIGUATOR}.WatchHost";
				PRODUCT_NAME = "$(TARGET_NAME)";
				PROVISIONING_PROFILE_SPECIFIER = "";
				SDKROOT = iphoneos;
				SWIFT_VERSION = 5.0;
			};
			name = Debug;
		};
		370562AF2AA0368A00F5CD97 /* Release */ = {
			isa = XCBuildConfiguration;
			baseConfigurationReference = DB3F893975C9C2026B584932 /* SampleCode.xcconfig */;
			buildSettings = {
				ALWAYS_EMBED_SWIFT_STANDARD_LIBRARIES = YES;
				ASSETCATALOG_COMPILER_GENERATE_SWIFT_ASSET_SYMBOL_EXTENSIONS = YES;
				CODE_SIGN_STYLE = Automatic;
				CURRENT_PROJECT_VERSION = 1;
				DEVELOPMENT_TEAM = "";
				INFOPLIST_KEY_CFBundleDisplayName = SwiftDataFlashCardSampleWatchHost;
				MARKETING_VERSION = 1.0;
				PRODUCT_BUNDLE_IDENTIFIER = "com.example.apple-samplecode.FlashCard${SAMPLE_CODE_DISAMBIGUATOR}.WatchHost";
				PRODUCT_NAME = "$(TARGET_NAME)";
				PROVISIONING_PROFILE_SPECIFIER = "";
				SDKROOT = iphoneos;
				SWIFT_VERSION = 5.0;
				VALIDATE_PRODUCT = YES;
			};
			name = Release;
		};
		371BAA6729EFAB1A00011A7C /* Debug */ = {
			isa = XCBuildConfiguration;
			baseConfigurationReference = DB3F893975C9C2026B584932 /* SampleCode.xcconfig */;
			buildSettings = {
				ALWAYS_SEARCH_USER_PATHS = NO;
				CLANG_ANALYZER_NONNULL = YES;
				CLANG_ANALYZER_NUMBER_OBJECT_CONVERSION = YES_AGGRESSIVE;
				CLANG_CXX_LANGUAGE_STANDARD = "gnu++20";
				CLANG_ENABLE_MODULES = YES;
				CLANG_ENABLE_OBJC_ARC = YES;
				CLANG_ENABLE_OBJC_WEAK = YES;
				CLANG_WARN_BLOCK_CAPTURE_AUTORELEASING = YES;
				CLANG_WARN_BOOL_CONVERSION = YES;
				CLANG_WARN_COMMA = YES;
				CLANG_WARN_CONSTANT_CONVERSION = YES;
				CLANG_WARN_DEPRECATED_OBJC_IMPLEMENTATIONS = YES;
				CLANG_WARN_DIRECT_OBJC_ISA_USAGE = YES_ERROR;
				CLANG_WARN_DOCUMENTATION_COMMENTS = YES;
				CLANG_WARN_EMPTY_BODY = YES;
				CLANG_WARN_ENUM_CONVERSION = YES;
				CLANG_WARN_INFINITE_RECURSION = YES;
				CLANG_WARN_INT_CONVERSION = YES;
				CLANG_WARN_NON_LITERAL_NULL_CONVERSION = YES;
				CLANG_WARN_OBJC_IMPLICIT_RETAIN_SELF = YES;
				CLANG_WARN_OBJC_LITERAL_CONVERSION = YES;
				CLANG_WARN_OBJC_ROOT_CLASS = YES_ERROR;
				CLANG_WARN_QUOTED_INCLUDE_IN_FRAMEWORK_HEADER = YES;
				CLANG_WARN_RANGE_LOOP_ANALYSIS = YES;
				CLANG_WARN_STRICT_PROTOTYPES = YES;
				CLANG_WARN_SUSPICIOUS_MOVE = YES;
				CLANG_WARN_UNGUARDED_AVAILABILITY = YES_AGGRESSIVE;
				CLANG_WARN_UNREACHABLE_CODE = YES;
				CLANG_WARN__DUPLICATE_METHOD_MATCH = YES;
				COPY_PHASE_STRIP = NO;
				DEBUG_INFORMATION_FORMAT = dwarf;
				ENABLE_STRICT_OBJC_MSGSEND = YES;
				ENABLE_TESTABILITY = YES;
				GCC_C_LANGUAGE_STANDARD = gnu17;
				GCC_DYNAMIC_NO_PIC = NO;
				GCC_NO_COMMON_BLOCKS = YES;
				GCC_OPTIMIZATION_LEVEL = 0;
				GCC_PREPROCESSOR_DEFINITIONS = (
					"DEBUG=1",
					"$(inherited)",
				);
				GCC_WARN_64_TO_32_BIT_CONVERSION = YES;
				GCC_WARN_ABOUT_RETURN_TYPE = YES_ERROR;
				GCC_WARN_UNDECLARED_SELECTOR = YES;
				GCC_WARN_UNINITIALIZED_AUTOS = YES_AGGRESSIVE;
				GCC_WARN_UNUSED_FUNCTION = YES;
				GCC_WARN_UNUSED_VARIABLE = YES;
				INFOPLIST_KEY_UIApplicationSceneManifest_Generation = YES;
				LOCALIZATION_PREFERS_STRING_CATALOGS = YES;
				MTL_ENABLE_DEBUG_INFO = INCLUDE_SOURCE;
				MTL_FAST_MATH = YES;
				ONLY_ACTIVE_ARCH = YES;
				SWIFT_ACTIVE_COMPILATION_CONDITIONS = "DEBUG $(inherited)";
				SWIFT_OPTIMIZATION_LEVEL = "-Onone";
			};
			name = Debug;
		};
		371BAA6829EFAB1A00011A7C /* Release */ = {
			isa = XCBuildConfiguration;
			baseConfigurationReference = DB3F893975C9C2026B584932 /* SampleCode.xcconfig */;
			buildSettings = {
				ALWAYS_SEARCH_USER_PATHS = NO;
				CLANG_ANALYZER_NONNULL = YES;
				CLANG_ANALYZER_NUMBER_OBJECT_CONVERSION = YES_AGGRESSIVE;
				CLANG_CXX_LANGUAGE_STANDARD = "gnu++20";
				CLANG_ENABLE_MODULES = YES;
				CLANG_ENABLE_OBJC_ARC = YES;
				CLANG_ENABLE_OBJC_WEAK = YES;
				CLANG_WARN_BLOCK_CAPTURE_AUTORELEASING = YES;
				CLANG_WARN_BOOL_CONVERSION = YES;
				CLANG_WARN_COMMA = YES;
				CLANG_WARN_CONSTANT_CONVERSION = YES;
				CLANG_WARN_DEPRECATED_OBJC_IMPLEMENTATIONS = YES;
				CLANG_WARN_DIRECT_OBJC_ISA_USAGE = YES_ERROR;
				CLANG_WARN_DOCUMENTATION_COMMENTS = YES;
				CLANG_WARN_EMPTY_BODY = YES;
				CLANG_WARN_ENUM_CONVERSION = YES;
				CLANG_WARN_INFINITE_RECURSION = YES;
				CLANG_WARN_INT_CONVERSION = YES;
				CLANG_WARN_NON_LITERAL_NULL_CONVERSION = YES;
				CLANG_WARN_OBJC_IMPLICIT_RETAIN_SELF = YES;
				CLANG_WARN_OBJC_LITERAL_CONVERSION = YES;
				CLANG_WARN_OBJC_ROOT_CLASS = YES_ERROR;
				CLANG_WARN_QUOTED_INCLUDE_IN_FRAMEWORK_HEADER = YES;
				CLANG_WARN_RANGE_LOOP_ANALYSIS = YES;
				CLANG_WARN_STRICT_PROTOTYPES = YES;
				CLANG_WARN_SUSPICIOUS_MOVE = YES;
				CLANG_WARN_UNGUARDED_AVAILABILITY = YES_AGGRESSIVE;
				CLANG_WARN_UNREACHABLE_CODE = YES;
				CLANG_WARN__DUPLICATE_METHOD_MATCH = YES;
				COPY_PHASE_STRIP = NO;
				DEBUG_INFORMATION_FORMAT = "dwarf-with-dsym";
				ENABLE_NS_ASSERTIONS = NO;
				ENABLE_STRICT_OBJC_MSGSEND = YES;
				GCC_C_LANGUAGE_STANDARD = gnu17;
				GCC_NO_COMMON_BLOCKS = YES;
				GCC_WARN_64_TO_32_BIT_CONVERSION = YES;
				GCC_WARN_ABOUT_RETURN_TYPE = YES_ERROR;
				GCC_WARN_UNDECLARED_SELECTOR = YES;
				GCC_WARN_UNINITIALIZED_AUTOS = YES_AGGRESSIVE;
				GCC_WARN_UNUSED_FUNCTION = YES;
				GCC_WARN_UNUSED_VARIABLE = YES;
				INFOPLIST_KEY_UIApplicationSceneManifest_Generation = YES;
				LOCALIZATION_PREFERS_STRING_CATALOGS = YES;
				MTL_ENABLE_DEBUG_INFO = NO;
				MTL_FAST_MATH = YES;
				SWIFT_COMPILATION_MODE = wholemodule;
				SWIFT_OPTIMIZATION_LEVEL = "-O";
			};
			name = Release;
		};
		371BAA6A29EFAB1A00011A7C /* Debug */ = {
			isa = XCBuildConfiguration;
			baseConfigurationReference = DB3F893975C9C2026B584932 /* SampleCode.xcconfig */;
			buildSettings = {
				ALWAYS_EMBED_SWIFT_STANDARD_LIBRARIES = YES;
				ASSETCATALOG_COMPILER_APPICON_NAME = AppIcon;
				ASSETCATALOG_COMPILER_GLOBAL_ACCENT_COLOR_NAME = AccentColor;
				CODE_SIGN_ENTITLEMENTS = FlashCard/FlashCard.entitlements;
				CODE_SIGN_IDENTITY = "Mac Developer";
				CODE_SIGN_STYLE = Automatic;
				CURRENT_PROJECT_VERSION = 1;
				DEVELOPMENT_ASSET_PATHS = "";
				DEVELOPMENT_TEAM = "";
				ENABLE_PREVIEWS = YES;
				GENERATE_INFOPLIST_FILE = YES;
				INFOPLIST_FILE = FlashCard/Info.plist;
				INFOPLIST_KEY_UIApplicationSceneManifest_Generation = YES;
				INFOPLIST_KEY_UIApplicationSupportsIndirectInputEvents = YES;
				"INFOPLIST_KEY_UIApplicationSupportsIndirectInputEvents[sdk=iphoneos*]" = YES;
				"INFOPLIST_KEY_UIApplicationSupportsIndirectInputEvents[sdk=iphonesimulator*]" = YES;
				INFOPLIST_KEY_UILaunchScreen_Generation = YES;
				"INFOPLIST_KEY_UILaunchScreen_Generation[sdk=iphoneos*]" = YES;
				"INFOPLIST_KEY_UILaunchScreen_Generation[sdk=iphonesimulator*]" = YES;
				INFOPLIST_KEY_UIStatusBarStyle = "";
				"INFOPLIST_KEY_UIStatusBarStyle[sdk=iphoneos*]" = UIStatusBarStyleDefault;
				"INFOPLIST_KEY_UIStatusBarStyle[sdk=iphonesimulator*]" = UIStatusBarStyleDefault;
				INFOPLIST_KEY_UISupportedInterfaceOrientations_iPad = "UIInterfaceOrientationPortrait UIInterfaceOrientationPortraitUpsideDown UIInterfaceOrientationLandscapeLeft UIInterfaceOrientationLandscapeRight";
				INFOPLIST_KEY_UISupportedInterfaceOrientations_iPhone = "UIInterfaceOrientationPortrait UIInterfaceOrientationLandscapeLeft UIInterfaceOrientationLandscapeRight";
				INFOPLIST_KEY_UISupportsDocumentBrowser = YES;
				MARKETING_VERSION = 1.0;
				PRODUCT_BUNDLE_IDENTIFIER = "com.example.apple-samplecode.FlashCard${SAMPLE_CODE_DISAMBIGUATOR}";
				PRODUCT_NAME = "$(TARGET_NAME)";
				PROVISIONING_PROFILE_SPECIFIER = "";
				SDKROOT = macosx;
				SUPPORTED_PLATFORMS = "appletvos appletvsimulator iphoneos iphonesimulator macosx";
				SUPPORTS_MACCATALYST = NO;
				SUPPORTS_MAC_DESIGNED_FOR_IPHONE_IPAD = NO;
				SWIFT_EMIT_LOC_STRINGS = YES;
				SWIFT_VERSION = 5.0;
				TARGETED_DEVICE_FAMILY = "1,2,3";
			};
			name = Debug;
		};
		371BAA6B29EFAB1A00011A7C /* Release */ = {
			isa = XCBuildConfiguration;
			baseConfigurationReference = DB3F893975C9C2026B584932 /* SampleCode.xcconfig */;
			buildSettings = {
				ALWAYS_EMBED_SWIFT_STANDARD_LIBRARIES = YES;
				ASSETCATALOG_COMPILER_APPICON_NAME = AppIcon;
				ASSETCATALOG_COMPILER_GLOBAL_ACCENT_COLOR_NAME = AccentColor;
				CODE_SIGN_ENTITLEMENTS = FlashCard/FlashCard.entitlements;
				CODE_SIGN_IDENTITY = "Mac Developer";
				CODE_SIGN_STYLE = Automatic;
				CURRENT_PROJECT_VERSION = 1;
				DEVELOPMENT_ASSET_PATHS = "";
				DEVELOPMENT_TEAM = "";
				ENABLE_PREVIEWS = YES;
				GENERATE_INFOPLIST_FILE = YES;
				INFOPLIST_FILE = FlashCard/Info.plist;
				INFOPLIST_KEY_UIApplicationSceneManifest_Generation = YES;
				INFOPLIST_KEY_UIApplicationSupportsIndirectInputEvents = YES;
				"INFOPLIST_KEY_UIApplicationSupportsIndirectInputEvents[sdk=iphoneos*]" = YES;
				"INFOPLIST_KEY_UIApplicationSupportsIndirectInputEvents[sdk=iphonesimulator*]" = YES;
				INFOPLIST_KEY_UILaunchScreen_Generation = YES;
				"INFOPLIST_KEY_UILaunchScreen_Generation[sdk=iphoneos*]" = YES;
				"INFOPLIST_KEY_UILaunchScreen_Generation[sdk=iphonesimulator*]" = YES;
				INFOPLIST_KEY_UIStatusBarStyle = "";
				"INFOPLIST_KEY_UIStatusBarStyle[sdk=iphoneos*]" = UIStatusBarStyleDefault;
				"INFOPLIST_KEY_UIStatusBarStyle[sdk=iphonesimulator*]" = UIStatusBarStyleDefault;
				INFOPLIST_KEY_UISupportedInterfaceOrientations_iPad = "UIInterfaceOrientationPortrait UIInterfaceOrientationPortraitUpsideDown UIInterfaceOrientationLandscapeLeft UIInterfaceOrientationLandscapeRight";
				INFOPLIST_KEY_UISupportedInterfaceOrientations_iPhone = "UIInterfaceOrientationPortrait UIInterfaceOrientationLandscapeLeft UIInterfaceOrientationLandscapeRight";
				INFOPLIST_KEY_UISupportsDocumentBrowser = YES;
				MARKETING_VERSION = 1.0;
				PRODUCT_BUNDLE_IDENTIFIER = "com.example.apple-samplecode.FlashCard${SAMPLE_CODE_DISAMBIGUATOR}";
				PRODUCT_NAME = "$(TARGET_NAME)";
				PROVISIONING_PROFILE_SPECIFIER = "";
				SDKROOT = macosx;
				SUPPORTED_PLATFORMS = "appletvos appletvsimulator iphoneos iphonesimulator macosx";
				SUPPORTS_MACCATALYST = NO;
				SUPPORTS_MAC_DESIGNED_FOR_IPHONE_IPAD = NO;
				SWIFT_EMIT_LOC_STRINGS = YES;
				SWIFT_VERSION = 5.0;
				TARGETED_DEVICE_FAMILY = "1,2,3";
			};
			name = Release;
		};
/* End XCBuildConfiguration section */

/* Begin XCConfigurationList section */
		370562A92AA0368A00F5CD97 /* Build configuration list for PBXNativeTarget "SwiftDataFlashCardSampleWatch" */ = {
			isa = XCConfigurationList;
			buildConfigurations = (
				370562AA2AA0368A00F5CD97 /* Debug */,
				370562AB2AA0368A00F5CD97 /* Release */,
			);
			defaultConfigurationIsVisible = 0;
			defaultConfigurationName = Release;
		};
		370562AD2AA0368A00F5CD97 /* Build configuration list for PBXNativeTarget "SwiftDataFlashCardSampleWatchHost" */ = {
			isa = XCConfigurationList;
			buildConfigurations = (
				370562AE2AA0368A00F5CD97 /* Debug */,
				370562AF2AA0368A00F5CD97 /* Release */,
			);
			defaultConfigurationIsVisible = 0;
			defaultConfigurationName = Release;
		};
		371BAA5529EFAB1900011A7C /* Build configuration list for PBXProject "SwiftDataFlashCardSample" */ = {
			isa = XCConfigurationList;
			buildConfigurations = (
				371BAA6729EFAB1A00011A7C /* Debug */,
				371BAA6829EFAB1A00011A7C /* Release */,
			);
			defaultConfigurationIsVisible = 0;
			defaultConfigurationName = Release;
		};
		371BAA6929EFAB1A00011A7C /* Build configuration list for PBXNativeTarget "SwiftDataFlashCardSample" */ = {
			isa = XCConfigurationList;
			buildConfigurations = (
				371BAA6A29EFAB1A00011A7C /* Debug */,
				371BAA6B29EFAB1A00011A7C /* Release */,
			);
			defaultConfigurationIsVisible = 0;
			defaultConfigurationName = Release;
		};
/* End XCConfigurationList section */
	};
	rootObject = 371BAA5229EFAB1900011A7C /* Project object */;
}
